
Microsoft Visual Studio Solution File, Format Version 12.00
# Visual Studio Version 16
VisualStudioVersion = 16.0.33927.289
MinimumVisualStudioVersion = 10.0.40219.1
Project("{2150E333-8FDC-42A3-9474-1A3956D46DE8}") = "Task0", "Task0", "{D798F2D0-23CD-4398-8680-B1EE85F18765}"
EndProject
Project("{FAE04EC0-301F-11D3-BF4B-00C04F79EFBC}") = "Tyuiu.ShpilevayaAS.Sprint4.Task0.V13", "Tyuiu.ShpilevayaAS.Sprint4.Task0.V13\Tyuiu.ShpilevayaAS.Sprint4.Task0.V13.csproj", "{68947E01-92A5-45A2-A451-4EC7712491A1}"
EndProject
Project("{FAE04EC0-301F-11D3-BF4B-00C04F79EFBC}") = "Tyuiu.ShpilevayaAS.Sprint4.Task0.V13.Lib", "Tyuiu.ShpilevayaAS.Sprint4.Task0.V13.Lib\Tyuiu.ShpilevayaAS.Sprint4.Task0.V13.Lib.csproj", "{A9F15AD3-F64A-4CBA-903D-EC930961730E}"
EndProject
Project("{FAE04EC0-301F-11D3-BF4B-00C04F79EFBC}") = "Tyuiu.ShpilevayaAS.Sprint4.Task0.V13.Test", "Tyuiu.ShpilevayaAS.Sprint4.Task0.V13.Test\Tyuiu.ShpilevayaAS.Sprint4.Task0.V13.Test.csproj", "{E5B36F9E-5C30-4855-82B9-3A2105D52EB3}"
EndProject
Project("{2150E333-8FDC-42A3-9474-1A3956D46DE8}") = "Task1", "Task1", "{390ECAAE-BBB9-499C-88EB-6A9D318697D8}"
EndProject
Project("{FAE04EC0-301F-11D3-BF4B-00C04F79EFBC}") = "Tyuiu.ShpilevayaAS.Sprint4.Task1.V6", "Tyuiu.ShpilevayaAS.Sprint4.Task1.V6\Tyuiu.ShpilevayaAS.Sprint4.Task1.V6.csproj", "{CFFF919C-2029-4196-AC42-7FEBA7EF2275}"
EndProject
Project("{FAE04EC0-301F-11D3-BF4B-00C04F79EFBC}") = "Tyuiu.ShpilevayaAS.Sprint4.Task1.V6.Lib", "Tyuiu.ShpilevayaAS.Sprint4.Task1.V6.Lib\Tyuiu.ShpilevayaAS.Sprint4.Task1.V6.Lib.csproj", "{C4AC1232-F46A-4922-87E7-A55B54F748CF}"
EndProject
Project("{FAE04EC0-301F-11D3-BF4B-00C04F79EFBC}") = "Tyuiu.ShpilevayaAS.Sprint4.Task1.V6.Test", "Tyuiu.ShpilevayaAS.Sprint4.Task1.V6.Test\Tyuiu.ShpilevayaAS.Sprint4.Task1.V6.Test.csproj", "{77EF090B-DD8C-4F56-B9AC-31E537E7EE06}"
EndProject
Project("{2150E333-8FDC-42A3-9474-1A3956D46DE8}") = "Task2", "Task2", "{B893C853-3EA8-4BC6-A56B-53AA812141CA}"
EndProject
Project("{FAE04EC0-301F-11D3-BF4B-00C04F79EFBC}") = "Tyuiu.ShpilevayaAS.Sprint4.Task2.V26", "Tyuiu.ShpilevayaAS.Sprint4.Task2.V26\Tyuiu.ShpilevayaAS.Sprint4.Task2.V26.csproj", "{57A1AD60-3F1F-4466-B589-8A555E3F0176}"
EndProject
Project("{FAE04EC0-301F-11D3-BF4B-00C04F79EFBC}") = "Tyuiu.ShpilevayaAS.Sprint4.Task2.V26.Lib", "Tyuiu.ShpilevayaAS.Sprint4.Task2.V26.Lib\Tyuiu.ShpilevayaAS.Sprint4.Task2.V26.Lib.csproj", "{1D0FBDE7-16C8-426C-8FE6-168945FC249B}"
EndProject
Project("{FAE04EC0-301F-11D3-BF4B-00C04F79EFBC}") = "Tyuiu.ShpilevayaAS.Sprint4.Task2.V26.Test", "Tyuiu.ShpilevayaAS.Sprint4.Task2.V26.Test\Tyuiu.ShpilevayaAS.Sprint4.Task2.V26.Test.csproj", "{BFC668E3-DA02-487D-AC95-D8E8470E99D3}"
EndProject
Project("{2150E333-8FDC-42A3-9474-1A3956D46DE8}") = "Task3", "Task3", "{5DDD067B-8878-4725-BB78-16CFEC834044}"
EndProject
Project("{FAE04EC0-301F-11D3-BF4B-00C04F79EFBC}") = "Tyuiu.ShpilevayaAS.Sprint4.Task3.V18", "Tyuiu.ShpilevayaAS.Sprint4.Task3.V18\Tyuiu.ShpilevayaAS.Sprint4.Task3.V18.csproj", "{A475F482-3FBB-4332-BB80-43FC1615A965}"
EndProject
Project("{FAE04EC0-301F-11D3-BF4B-00C04F79EFBC}") = "Tyuiu.ShpilevayaAS.Sprint4.Task3.V18.Lib", "Tyuiu.ShpilevayaAS.Sprint4.Task3.V18.Lib\Tyuiu.ShpilevayaAS.Sprint4.Task3.V18.Lib.csproj", "{49AF5A43-4045-4E02-B6C5-B2EF99B49009}"
EndProject
Project("{FAE04EC0-301F-11D3-BF4B-00C04F79EFBC}") = "Tyuiu.ShpilevayaAS.Sprint4.Task3.V18.Test", "Tyuiu.ShpilevayaAS.Sprint4.Task3.V18.Test\Tyuiu.ShpilevayaAS.Sprint4.Task3.V18.Test.csproj", "{41DA6CE4-D368-4925-B7FF-1C89D272080A}"
EndProject
Project("{2150E333-8FDC-42A3-9474-1A3956D46DE8}") = "Task4", "Task4", "{79782706-DD9A-4F83-9EBE-BF48E1645E4D}"
EndProject
Project("{FAE04EC0-301F-11D3-BF4B-00C04F79EFBC}") = "Tyuiu.ShpilevayaAS.Sprint4.Task4.V11", "Tyuiu.ShpilevayaAS.Sprint4.Task4.V11\Tyuiu.ShpilevayaAS.Sprint4.Task4.V11.csproj", "{2A28E6B5-EED1-493B-809F-AE35744D0EE3}"
EndProject
Project("{FAE04EC0-301F-11D3-BF4B-00C04F79EFBC}") = "Tyuiu.ShpilevayaAS.Sprint4.Task4.V11.Lib", "Tyuiu.ShpilevayaAS.Sprint4.Task4.V11.Lib\Tyuiu.ShpilevayaAS.Sprint4.Task4.V11.Lib.csproj", "{1F6C5F83-CEBF-46F8-91D3-40BEAA8E62A0}"
EndProject
Project("{FAE04EC0-301F-11D3-BF4B-00C04F79EFBC}") = "Tyuiu.ShpilevayaAS.Sprint4.Task4.V11.Test", "Tyuiu.ShpilevayaAS.Sprint4.Task4.V11.Test\Tyuiu.ShpilevayaAS.Sprint4.Task4.V11.Test.csproj", "{F00B3890-6CFE-4DBC-B380-727A01A20ADA}"
EndProject
Global
	GlobalSection(SolutionConfigurationPlatforms) = preSolution
		Debug|Any CPU = Debug|Any CPU
		Release|Any CPU = Release|Any CPU
	EndGlobalSection
	GlobalSection(ProjectConfigurationPlatforms) = postSolution
		{68947E01-92A5-45A2-A451-4EC7712491A1}.Debug|Any CPU.ActiveCfg = Debug|Any CPU
		{68947E01-92A5-45A2-A451-4EC7712491A1}.Debug|Any CPU.Build.0 = Debug|Any CPU
		{68947E01-92A5-45A2-A451-4EC7712491A1}.Release|Any CPU.ActiveCfg = Release|Any CPU
		{68947E01-92A5-45A2-A451-4EC7712491A1}.Release|Any CPU.Build.0 = Release|Any CPU
		{A9F15AD3-F64A-4CBA-903D-EC930961730E}.Debug|Any CPU.ActiveCfg = Debug|Any CPU
		{A9F15AD3-F64A-4CBA-903D-EC930961730E}.Debug|Any CPU.Build.0 = Debug|Any CPU
		{A9F15AD3-F64A-4CBA-903D-EC930961730E}.Release|Any CPU.ActiveCfg = Release|Any CPU
		{A9F15AD3-F64A-4CBA-903D-EC930961730E}.Release|Any CPU.Build.0 = Release|Any CPU
		{E5B36F9E-5C30-4855-82B9-3A2105D52EB3}.Debug|Any CPU.ActiveCfg = Debug|Any CPU
		{E5B36F9E-5C30-4855-82B9-3A2105D52EB3}.Debug|Any CPU.Build.0 = Debug|Any CPU
		{E5B36F9E-5C30-4855-82B9-3A2105D52EB3}.Release|Any CPU.ActiveCfg = Release|Any CPU
		{E5B36F9E-5C30-4855-82B9-3A2105D52EB3}.Release|Any CPU.Build.0 = Release|Any CPU
		{CFFF919C-2029-4196-AC42-7FEBA7EF2275}.Debug|Any CPU.ActiveCfg = Debug|Any CPU
		{CFFF919C-2029-4196-AC42-7FEBA7EF2275}.Debug|Any CPU.Build.0 = Debug|Any CPU
		{CFFF919C-2029-4196-AC42-7FEBA7EF2275}.Release|Any CPU.ActiveCfg = Release|Any CPU
		{CFFF919C-2029-4196-AC42-7FEBA7EF2275}.Release|Any CPU.Build.0 = Release|Any CPU
		{C4AC1232-F46A-4922-87E7-A55B54F748CF}.Debug|Any CPU.ActiveCfg = Debug|Any CPU
		{C4AC1232-F46A-4922-87E7-A55B54F748CF}.Debug|Any CPU.Build.0 = Debug|Any CPU
		{C4AC1232-F46A-4922-87E7-A55B54F748CF}.Release|Any CPU.ActiveCfg = Release|Any CPU
		{C4AC1232-F46A-4922-87E7-A55B54F748CF}.Release|Any CPU.Build.0 = Release|Any CPU
		{77EF090B-DD8C-4F56-B9AC-31E537E7EE06}.Debug|Any CPU.ActiveCfg = Debug|Any CPU
		{77EF090B-DD8C-4F56-B9AC-31E537E7EE06}.Debug|Any CPU.Build.0 = Debug|Any CPU
		{77EF090B-DD8C-4F56-B9AC-31E537E7EE06}.Release|Any CPU.ActiveCfg = Release|Any CPU
		{77EF090B-DD8C-4F56-B9AC-31E537E7EE06}.Release|Any CPU.Build.0 = Release|Any CPU
		{57A1AD60-3F1F-4466-B589-8A555E3F0176}.Debug|Any CPU.ActiveCfg = Debug|Any CPU
		{57A1AD60-3F1F-4466-B589-8A555E3F0176}.Debug|Any CPU.Build.0 = Debug|Any CPU
		{57A1AD60-3F1F-4466-B589-8A555E3F0176}.Release|Any CPU.ActiveCfg = Release|Any CPU
		{57A1AD60-3F1F-4466-B589-8A555E3F0176}.Release|Any CPU.Build.0 = Release|Any CPU
		{1D0FBDE7-16C8-426C-8FE6-168945FC249B}.Debug|Any CPU.ActiveCfg = Debug|Any CPU
		{1D0FBDE7-16C8-426C-8FE6-168945FC249B}.Debug|Any CPU.Build.0 = Debug|Any CPU
		{1D0FBDE7-16C8-426C-8FE6-168945FC249B}.Release|Any CPU.ActiveCfg = Release|Any CPU
		{1D0FBDE7-16C8-426C-8FE6-168945FC249B}.Release|Any CPU.Build.0 = Release|Any CPU
		{BFC668E3-DA02-487D-AC95-D8E8470E99D3}.Debug|Any CPU.ActiveCfg = Debug|Any CPU
		{BFC668E3-DA02-487D-AC95-D8E8470E99D3}.Debug|Any CPU.Build.0 = Debug|Any CPU
		{BFC668E3-DA02-487D-AC95-D8E8470E99D3}.Release|Any CPU.ActiveCfg = Release|Any CPU
		{BFC668E3-DA02-487D-AC95-D8E8470E99D3}.Release|Any CPU.Build.0 = Release|Any CPU
		{A475F482-3FBB-4332-BB80-43FC1615A965}.Debug|Any CPU.ActiveCfg = Debug|Any CPU
		{A475F482-3FBB-4332-BB80-43FC1615A965}.Debug|Any CPU.Build.0 = Debug|Any CPU
		{A475F482-3FBB-4332-BB80-43FC1615A965}.Release|Any CPU.ActiveCfg = Release|Any CPU
		{A475F482-3FBB-4332-BB80-43FC1615A965}.Release|Any CPU.Build.0 = Release|Any CPU
		{49AF5A43-4045-4E02-B6C5-B2EF99B49009}.Debug|Any CPU.ActiveCfg = Debug|Any CPU
		{49AF5A43-4045-4E02-B6C5-B2EF99B49009}.Debug|Any CPU.Build.0 = Debug|Any CPU
		{49AF5A43-4045-4E02-B6C5-B2EF99B49009}.Release|Any CPU.ActiveCfg = Release|Any CPU
		{49AF5A43-4045-4E02-B6C5-B2EF99B49009}.Release|Any CPU.Build.0 = Release|Any CPU
		{41DA6CE4-D368-4925-B7FF-1C89D272080A}.Debug|Any CPU.ActiveCfg = Debug|Any CPU
		{41DA6CE4-D368-4925-B7FF-1C89D272080A}.Debug|Any CPU.Build.0 = Debug|Any CPU
		{41DA6CE4-D368-4925-B7FF-1C89D272080A}.Release|Any CPU.ActiveCfg = Release|Any CPU
		{41DA6CE4-D368-4925-B7FF-1C89D272080A}.Release|Any CPU.Build.0 = Release|Any CPU
		{2A28E6B5-EED1-493B-809F-AE35744D0EE3}.Debug|Any CPU.ActiveCfg = Debug|Any CPU
		{2A28E6B5-EED1-493B-809F-AE35744D0EE3}.Debug|Any CPU.Build.0 = Debug|Any CPU
		{2A28E6B5-EED1-493B-809F-AE35744D0EE3}.Release|Any CPU.ActiveCfg = Release|Any CPU
		{2A28E6B5-EED1-493B-809F-AE35744D0EE3}.Release|Any CPU.Build.0 = Release|Any CPU
		{1F6C5F83-CEBF-46F8-91D3-40BEAA8E62A0}.Debug|Any CPU.ActiveCfg = Debug|Any CPU
		{1F6C5F83-CEBF-46F8-91D3-40BEAA8E62A0}.Debug|Any CPU.Build.0 = Debug|Any CPU
		{1F6C5F83-CEBF-46F8-91D3-40BEAA8E62A0}.Release|Any CPU.ActiveCfg = Release|Any CPU
		{1F6C5F83-CEBF-46F8-91D3-40BEAA8E62A0}.Release|Any CPU.Build.0 = Release|Any CPU
		{F00B3890-6CFE-4DBC-B380-727A01A20ADA}.Debug|Any CPU.ActiveCfg = Debug|Any CPU
		{F00B3890-6CFE-4DBC-B380-727A01A20ADA}.Debug|Any CPU.Build.0 = Debug|Any CPU
		{F00B3890-6CFE-4DBC-B380-727A01A20ADA}.Release|Any CPU.ActiveCfg = Release|Any CPU
		{F00B3890-6CFE-4DBC-B380-727A01A20ADA}.Release|Any CPU.Build.0 = Release|Any CPU
	EndGlobalSection
	GlobalSection(SolutionProperties) = preSolution
		HideSolutionNode = FALSE
	EndGlobalSection
	GlobalSection(NestedProjects) = preSolution
		{68947E01-92A5-45A2-A451-4EC7712491A1} = {D798F2D0-23CD-4398-8680-B1EE85F18765}
		{A9F15AD3-F64A-4CBA-903D-EC930961730E} = {D798F2D0-23CD-4398-8680-B1EE85F18765}
		{E5B36F9E-5C30-4855-82B9-3A2105D52EB3} = {D798F2D0-23CD-4398-8680-B1EE85F18765}
		{CFFF919C-2029-4196-AC42-7FEBA7EF2275} = {390ECAAE-BBB9-499C-88EB-6A9D318697D8}
		{C4AC1232-F46A-4922-87E7-A55B54F748CF} = {390ECAAE-BBB9-499C-88EB-6A9D318697D8}
		{77EF090B-DD8C-4F56-B9AC-31E537E7EE06} = {390ECAAE-BBB9-499C-88EB-6A9D318697D8}
		{57A1AD60-3F1F-4466-B589-8A555E3F0176} = {B893C853-3EA8-4BC6-A56B-53AA812141CA}
		{1D0FBDE7-16C8-426C-8FE6-168945FC249B} = {B893C853-3EA8-4BC6-A56B-53AA812141CA}
		{BFC668E3-DA02-487D-AC95-D8E8470E99D3} = {B893C853-3EA8-4BC6-A56B-53AA812141CA}
		{A475F482-3FBB-4332-BB80-43FC1615A965} = {5DDD067B-8878-4725-BB78-16CFEC834044}
		{49AF5A43-4045-4E02-B6C5-B2EF99B49009} = {5DDD067B-8878-4725-BB78-16CFEC834044}
		{41DA6CE4-D368-4925-B7FF-1C89D272080A} = {5DDD067B-8878-4725-BB78-16CFEC834044}
		{2A28E6B5-EED1-493B-809F-AE35744D0EE3} = {79782706-DD9A-4F83-9EBE-BF48E1645E4D}
		{1F6C5F83-CEBF-46F8-91D3-40BEAA8E62A0} = {79782706-DD9A-4F83-9EBE-BF48E1645E4D}
		{F00B3890-6CFE-4DBC-B380-727A01A20ADA} = {79782706-DD9A-4F83-9EBE-BF48E1645E4D}
	EndGlobalSection
	GlobalSection(ExtensibilityGlobals) = postSolution
		SolutionGuid = {D20CBA66-1E0F-46D0-9A13-C544A63EFDB8}
	EndGlobalSection
EndGlobal
