
Microsoft Visual Studio Solution File, Format Version 12.00
# Visual Studio Version 16
VisualStudioVersion = 16.0.33927.289
MinimumVisualStudioVersion = 10.0.40219.1
Project("{2150E333-8FDC-42A3-9474-1A3956D46DE8}") = "Task0", "Task0", "{D798F2D0-23CD-4398-8680-B1EE85F18765}"
EndProject
Project("{FAE04EC0-301F-11D3-BF4B-00C04F79EFBC}") = "Tyuiu.ShpilevayaAS.Sprint4.Task0.V13", "Tyuiu.ShpilevayaAS.Sprint4.Task0.V13\Tyuiu.ShpilevayaAS.Sprint4.Task0.V13.csproj", "{68947E01-92A5-45A2-A451-4EC7712491A1}"
EndProject
Project("{FAE04EC0-301F-11D3-BF4B-00C04F79EFBC}") = "Tyuiu.ShpilevayaAS.Sprint4.Task0.V13.Lib", "Tyuiu.ShpilevayaAS.Sprint4.Task0.V13.Lib\Tyuiu.ShpilevayaAS.Sprint4.Task0.V13.Lib.csproj", "{A9F15AD3-F64A-4CBA-903D-EC930961730E}"
EndProject
Project("{FAE04EC0-301F-11D3-BF4B-00C04F79EFBC}") = "Tyuiu.ShpilevayaAS.Sprint4.Task0.V13.Test", "Tyuiu.ShpilevayaAS.Sprint4.Task0.V13.Test\Tyuiu.ShpilevayaAS.Sprint4.Task0.V13.Test.csproj", "{E5B36F9E-5C30-4855-82B9-3A2105D52EB3}"
EndProject
Project("{2150E333-8FDC-42A3-9474-1A3956D46DE8}") = "Task1", "Task1", "{390ECAAE-BBB9-499C-88EB-6A9D318697D8}"
EndProject
Project("{FAE04EC0-301F-11D3-BF4B-00C04F79EFBC}") = "Tyuiu.ShpilevayaAS.Sprint4.Task1.V6", "Tyuiu.ShpilevayaAS.Sprint4.Task1.V6\Tyuiu.ShpilevayaAS.Sprint4.Task1.V6.csproj", "{CFFF919C-2029-4196-AC42-7FEBA7EF2275}"
EndProject
Project("{FAE04EC0-301F-11D3-BF4B-00C04F79EFBC}") = "Tyuiu.ShpilevayaAS.Sprint4.Task1.V6.Lib", "Tyuiu.ShpilevayaAS.Sprint4.Task1.V6.Lib\Tyuiu.ShpilevayaAS.Sprint4.Task1.V6.Lib.csproj", "{C4AC1232-F46A-4922-87E7-A55B54F748CF}"
EndProject
Project("{FAE04EC0-301F-11D3-BF4B-00C04F79EFBC}") = "Tyuiu.ShpilevayaAS.Sprint4.Task1.V6.Test", "Tyuiu.ShpilevayaAS.Sprint4.Task1.V6.Test\Tyuiu.ShpilevayaAS.Sprint4.Task1.V6.Test.csproj", "{77EF090B-DD8C-4F56-B9AC-31E537E7EE06}"
EndProject
Global
	GlobalSection(SolutionConfigurationPlatforms) = preSolution
		Debug|Any CPU = Debug|Any CPU
		Release|Any CPU = Release|Any CPU
	EndGlobalSection
	GlobalSection(ProjectConfigurationPlatforms) = postSolution
		{68947E01-92A5-45A2-A451-4EC7712491A1}.Debug|Any CPU.ActiveCfg = Debug|Any CPU
		{68947E01-92A5-45A2-A451-4EC7712491A1}.Debug|Any CPU.Build.0 = Debug|Any CPU
		{68947E01-92A5-45A2-A451-4EC7712491A1}.Release|Any CPU.ActiveCfg = Release|Any CPU
		{68947E01-92A5-45A2-A451-4EC7712491A1}.Release|Any CPU.Build.0 = Release|Any CPU
		{A9F15AD3-F64A-4CBA-903D-EC930961730E}.Debug|Any CPU.ActiveCfg = Debug|Any CPU
		{A9F15AD3-F64A-4CBA-903D-EC930961730E}.Debug|Any CPU.Build.0 = Debug|Any CPU
		{A9F15AD3-F64A-4CBA-903D-EC930961730E}.Release|Any CPU.ActiveCfg = Release|Any CPU
		{A9F15AD3-F64A-4CBA-903D-EC930961730E}.Release|Any CPU.Build.0 = Release|Any CPU
		{E5B36F9E-5C30-4855-82B9-3A2105D52EB3}.Debug|Any CPU.ActiveCfg = Debug|Any CPU
		{E5B36F9E-5C30-4855-82B9-3A2105D52EB3}.Debug|Any CPU.Build.0 = Debug|Any CPU
		{E5B36F9E-5C30-4855-82B9-3A2105D52EB3}.Release|Any CPU.ActiveCfg = Release|Any CPU
		{E5B36F9E-5C30-4855-82B9-3A2105D52EB3}.Release|Any CPU.Build.0 = Release|Any CPU
		{CFFF919C-2029-4196-AC42-7FEBA7EF2275}.Debug|Any CPU.ActiveCfg = Debug|Any CPU
		{CFFF919C-2029-4196-AC42-7FEBA7EF2275}.Debug|Any CPU.Build.0 = Debug|Any CPU
		{CFFF919C-2029-4196-AC42-7FEBA7EF2275}.Release|Any CPU.ActiveCfg = Release|Any CPU
		{CFFF919C-2029-4196-AC42-7FEBA7EF2275}.Release|Any CPU.Build.0 = Release|Any CPU
		{C4AC1232-F46A-4922-87E7-A55B54F748CF}.Debug|Any CPU.ActiveCfg = Debug|Any CPU
		{C4AC1232-F46A-4922-87E7-A55B54F748CF}.Debug|Any CPU.Build.0 = Debug|Any CPU
		{C4AC1232-F46A-4922-87E7-A55B54F748CF}.Release|Any CPU.ActiveCfg = Release|Any CPU
		{C4AC1232-F46A-4922-87E7-A55B54F748CF}.Release|Any CPU.Build.0 = Release|Any CPU
		{77EF090B-DD8C-4F56-B9AC-31E537E7EE06}.Debug|Any CPU.ActiveCfg = Debug|Any CPU
		{77EF090B-DD8C-4F56-B9AC-31E537E7EE06}.Debug|Any CPU.Build.0 = Debug|Any CPU
		{77EF090B-DD8C-4F56-B9AC-31E537E7EE06}.Release|Any CPU.ActiveCfg = Release|Any CPU
		{77EF090B-DD8C-4F56-B9AC-31E537E7EE06}.Release|Any CPU.Build.0 = Release|Any CPU
	EndGlobalSection
	GlobalSection(SolutionProperties) = preSolution
		HideSolutionNode = FALSE
	EndGlobalSection
	GlobalSection(NestedProjects) = preSolution
		{68947E01-92A5-45A2-A451-4EC7712491A1} = {D798F2D0-23CD-4398-8680-B1EE85F18765}
		{A9F15AD3-F64A-4CBA-903D-EC930961730E} = {D798F2D0-23CD-4398-8680-B1EE85F18765}
		{E5B36F9E-5C30-4855-82B9-3A2105D52EB3} = {D798F2D0-23CD-4398-8680-B1EE85F18765}
		{CFFF919C-2029-4196-AC42-7FEBA7EF2275} = {390ECAAE-BBB9-499C-88EB-6A9D318697D8}
		{C4AC1232-F46A-4922-87E7-A55B54F748CF} = {390ECAAE-BBB9-499C-88EB-6A9D318697D8}
		{77EF090B-DD8C-4F56-B9AC-31E537E7EE06} = {390ECAAE-BBB9-499C-88EB-6A9D318697D8}
	EndGlobalSection
	GlobalSection(ExtensibilityGlobals) = postSolution
		SolutionGuid = {D20CBA66-1E0F-46D0-9A13-C544A63EFDB8}
	EndGlobalSection
EndGlobal
